<?xml version="1.0" encoding="utf-8"?>
<Project ToolsVersion="4.0" xmlns="http://schemas.microsoft.com/developer/msbuild/2003">
  <ItemGroup>
    <ClCompile Include="GameTests.cpp">
      <Filter>Tests</Filter>
    </ClCompile>
    <ClCompile Include="pch.cpp">
      <Filter>Tests</Filter>
    </ClCompile>
    <ClCompile Include="adeng.cpp">
      <Filter>Engine</Filter>
    </ClCompile>
  </ItemGroup>
  <ItemGroup>
    <Filter Include="Engine">
      <UniqueIdentifier>{63a745f9-ecd1-4b6b-8310-8fff946149fe}</UniqueIdentifier>
    </Filter>
    <Filter Include="Game">
      <UniqueIdentifier>{5cf199ed-3e83-4b7a-8d67-9278b8591b60}</UniqueIdentifier>
    </Filter>
    <Filter Include="Tests">
      <UniqueIdentifier>{ec55a1d2-a96e-4d45-bc79-e94e73c3f048}</UniqueIdentifier>
    </Filter>
  </ItemGroup>
  <ItemGroup>
    <ClInclude Include="pch.h">
      <Filter>Tests</Filter>
    </ClInclude>
    <ClInclude Include="adeng.h">
      <Filter>Engine</Filter>
    </ClInclude>
    <ClInclude Include="Game.h">
      <Filter>Game</Filter>
    </ClInclude>
    <ClInclude Include="Board.h">
      <Filter>Game</Filter>
    </ClInclude>
    <ClInclude Include="Rank.h">
      <Filter>Game</Filter>
    </ClInclude>
    <ClInclude Include="EnPassant.h">
      <Filter>Game</Filter>
    </ClInclude>
    <ClInclude Include="Move.h">
      <Filter>Game</Filter>
    </ClInclude>
  </ItemGroup>
  <ItemGroup>
    <None Include="packages.config" />
  </ItemGroup>
</Project>